
Microsoft Visual Studio Solution File, Format Version 12.00
# Visual Studio Version 16
VisualStudioVersion = 25.0.1704.1
MinimumVisualStudioVersion = 10.0.40219.1
Project("{FAE04EC0-301F-11D3-BF4B-00C04F79EFBC}") = "newPJ", "newPJ\newPJ.csproj", "{B798FFD5-908C-43D4-9FCE-E9A6E78C8172}"
EndProject
Global
	GlobalSection(SolutionConfigurationPlatforms) = preSolution
		Debug|Any CPU = Debug|Any CPU
		Release|Any CPU = Release|Any CPU
	EndGlobalSection
	GlobalSection(ProjectConfigurationPlatforms) = postSolution
		{B798FFD5-908C-43D4-9FCE-E9A6E78C8172}.Debug|Any CPU.ActiveCfg = Debug|Any CPU
		{B798FFD5-908C-43D4-9FCE-E9A6E78C8172}.Debug|Any CPU.Build.0 = Debug|Any CPU
		{B798FFD5-908C-43D4-9FCE-E9A6E78C8172}.Release|Any CPU.ActiveCfg = Release|Any CPU
		{B798FFD5-908C-43D4-9FCE-E9A6E78C8172}.Release|Any CPU.Build.0 = Release|Any CPU
	EndGlobalSection
	GlobalSection(SolutionProperties) = preSolution
		HideSolutionNode = FALSE
	EndGlobalSection
	GlobalSection(ExtensibilityGlobals) = postSolution
		SolutionGuid = {AD8CD96B-48C2-4706-9412-91A58CF21DE0}
	EndGlobalSection
EndGlobal
